// !$*UTF8*$!
{
	archiveVersion = 1;
	classes = {
	};
	objectVersion = 56;
	objects = {

/* Begin PBXBuildFile section */
		42BAAE982B05F6F9005680FD /* CommunicatorApp.swift in Sources */ = {isa = PBXBuildFile; fileRef = 42BAAE972B05F6F9005680FD /* CommunicatorApp.swift */; };
		42BAAE9C2B05F6FB005680FD /* Assets.xcassets in Resources */ = {isa = PBXBuildFile; fileRef = 42BAAE9B2B05F6FB005680FD /* Assets.xcassets */; };
		42BAAE9F2B05F6FB005680FD /* Preview Assets.xcassets in Resources */ = {isa = PBXBuildFile; fileRef = 42BAAE9E2B05F6FB005680FD /* Preview Assets.xcassets */; };
		42BAAEAC2B05F840005680FD /* ContentView.swift in Sources */ = {isa = PBXBuildFile; fileRef = 42BAAEAB2B05F840005680FD /* ContentView.swift */; };
		42BAAEBA2B06499D005680FD /* MainTabView.swift in Sources */ = {isa = PBXBuildFile; fileRef = 42BAAEB92B06499D005680FD /* MainTabView.swift */; };
		42BAAEBC2B064A27005680FD /* HomeView.swift in Sources */ = {isa = PBXBuildFile; fileRef = 42BAAEBB2B064A27005680FD /* HomeView.swift */; };
		42BAAEBE2B064A40005680FD /* SearchView.swift in Sources */ = {isa = PBXBuildFile; fileRef = 42BAAEBD2B064A40005680FD /* SearchView.swift */; };
		42BAAEC02B064A65005680FD /* NotificationsView.swift in Sources */ = {isa = PBXBuildFile; fileRef = 42BAAEBF2B064A65005680FD /* NotificationsView.swift */; };
		42BAAEC22B064A80005680FD /* ProfileView.swift in Sources */ = {isa = PBXBuildFile; fileRef = 42BAAEC12B064A80005680FD /* ProfileView.swift */; };
		42BAAEC42B064AB8005680FD /* UploadPostView.swift in Sources */ = {isa = PBXBuildFile; fileRef = 42BAAEC32B064AB8005680FD /* UploadPostView.swift */; };
		42BAAEC62B0666C9005680FD /* HomeCell.swift in Sources */ = {isa = PBXBuildFile; fileRef = 42BAAEC52B0666C9005680FD /* HomeCell.swift */; };
		42BAAEC82B07B7E2005680FD /* SearchBar.swift in Sources */ = {isa = PBXBuildFile; fileRef = 42BAAEC72B07B7E2005680FD /* SearchBar.swift */; };
		42BAAECA2B07E597005680FD /* PostGridView.swift in Sources */ = {isa = PBXBuildFile; fileRef = 42BAAEC92B07E597005680FD /* PostGridView.swift */; };
		42BAAECC2B07EB37005680FD /* UserCell.swift in Sources */ = {isa = PBXBuildFile; fileRef = 42BAAECB2B07EB37005680FD /* UserCell.swift */; };
		42BAAECE2B07EB45005680FD /* UserListView.swift in Sources */ = {isa = PBXBuildFile; fileRef = 42BAAECD2B07EB45005680FD /* UserListView.swift */; };
		42BAAED02B080020005680FD /* Extensions.swift in Sources */ = {isa = PBXBuildFile; fileRef = 42BAAECF2B080020005680FD /* Extensions.swift */; };
		42BAAED22B080BF4005680FD /* NotificationCell.swift in Sources */ = {isa = PBXBuildFile; fileRef = 42BAAED12B080BF4005680FD /* NotificationCell.swift */; };
		42BAAED42B09E477005680FD /* ProfileHeaderView.swift in Sources */ = {isa = PBXBuildFile; fileRef = 42BAAED32B09E477005680FD /* ProfileHeaderView.swift */; };
		42BAAED62B09EC16005680FD /* UserStatView.swift in Sources */ = {isa = PBXBuildFile; fileRef = 42BAAED52B09EC16005680FD /* UserStatView.swift */; };
		42BAAED82B0A2C08005680FD /* ProfileActionButtonView.swift in Sources */ = {isa = PBXBuildFile; fileRef = 42BAAED72B0A2C08005680FD /* ProfileActionButtonView.swift */; };
		42BAAEDA2B0A3FD5005680FD /* ImagePicker.swift in Sources */ = {isa = PBXBuildFile; fileRef = 42BAAED92B0A3FD5005680FD /* ImagePicker.swift */; };
		42BAAEDC2B0AD747005680FD /* LoginView.swift in Sources */ = {isa = PBXBuildFile; fileRef = 42BAAEDB2B0AD747005680FD /* LoginView.swift */; };
		42BAAEDE2B0AD764005680FD /* RegistrationView.swift in Sources */ = {isa = PBXBuildFile; fileRef = 42BAAEDD2B0AD764005680FD /* RegistrationView.swift */; };
		42BAAEE02B0AD774005680FD /* ResetPasswordView.swift in Sources */ = {isa = PBXBuildFile; fileRef = 42BAAEDF2B0AD774005680FD /* ResetPasswordView.swift */; };
		42BAAEE22B0ADB50005680FD /* CustomTextField.swift in Sources */ = {isa = PBXBuildFile; fileRef = 42BAAEE12B0ADB50005680FD /* CustomTextField.swift */; };
		42BAAEE42B0ADB6A005680FD /* CustomSecureField.swift in Sources */ = {isa = PBXBuildFile; fileRef = 42BAAEE32B0ADB6A005680FD /* CustomSecureField.swift */; };
		42BAAEF52B0D0F66005680FD /* FirebaseAuth in Frameworks */ = {isa = PBXBuildFile; productRef = 42BAAEF42B0D0F66005680FD /* FirebaseAuth */; };
		42BAAEF72B0D0F66005680FD /* FirebaseDatabaseSwift in Frameworks */ = {isa = PBXBuildFile; productRef = 42BAAEF62B0D0F66005680FD /* FirebaseDatabaseSwift */; };
		42BAAEF92B0D0F66005680FD /* FirebaseFirestore in Frameworks */ = {isa = PBXBuildFile; productRef = 42BAAEF82B0D0F66005680FD /* FirebaseFirestore */; };
		42BAAEFB2B0D0F66005680FD /* FirebaseFunctions in Frameworks */ = {isa = PBXBuildFile; productRef = 42BAAEFA2B0D0F66005680FD /* FirebaseFunctions */; };
		42BAAEFD2B0D0F66005680FD /* FirebaseInAppMessagingSwift-Beta in Frameworks */ = {isa = PBXBuildFile; productRef = 42BAAEFC2B0D0F66005680FD /* FirebaseInAppMessagingSwift-Beta */; };
		42BAAEFF2B0D0F66005680FD /* FirebaseInstallations in Frameworks */ = {isa = PBXBuildFile; productRef = 42BAAEFE2B0D0F66005680FD /* FirebaseInstallations */; };
		42BAAF012B0D0F66005680FD /* FirebaseMLModelDownloader in Frameworks */ = {isa = PBXBuildFile; productRef = 42BAAF002B0D0F66005680FD /* FirebaseMLModelDownloader */; };
		42BAAF032B0D0F66005680FD /* FirebaseMessaging in Frameworks */ = {isa = PBXBuildFile; productRef = 42BAAF022B0D0F66005680FD /* FirebaseMessaging */; };
		42BAAF052B0D0F66005680FD /* FirebaseStorage in Frameworks */ = {isa = PBXBuildFile; productRef = 42BAAF042B0D0F66005680FD /* FirebaseStorage */; };
		42BAAF082B0D111E005680FD /* Kingfisher in Frameworks */ = {isa = PBXBuildFile; productRef = 42BAAF072B0D111E005680FD /* Kingfisher */; };
		42BAAF0A2B0D13AA005680FD /* GoogleService-Info.plist in Resources */ = {isa = PBXBuildFile; fileRef = 42BAAF092B0D13AA005680FD /* GoogleService-Info.plist */; };
		42BAAF0C2B0D1CEF005680FD /* AuthViewModel.swift in Sources */ = {isa = PBXBuildFile; fileRef = 42BAAF0B2B0D1CEF005680FD /* AuthViewModel.swift */; };
		42BAAF0E2B0E0860005680FD /* ImageUploader.swift in Sources */ = {isa = PBXBuildFile; fileRef = 42BAAF0D2B0E0860005680FD /* ImageUploader.swift */; };
		42BAAF102B0E0E3C005680FD /* NewUserModel.swift in Sources */ = {isa = PBXBuildFile; fileRef = 42BAAF0F2B0E0E3C005680FD /* NewUserModel.swift */; };
/* End PBXBuildFile section */

/* Begin PBXFileReference section */
		42BAAE942B05F6F9005680FD /* Communicator.app */ = {isa = PBXFileReference; explicitFileType = wrapper.application; includeInIndex = 0; path = Communicator.app; sourceTree = BUILT_PRODUCTS_DIR; };
		42BAAE972B05F6F9005680FD /* CommunicatorApp.swift */ = {isa = PBXFileReference; lastKnownFileType = sourcecode.swift; path = CommunicatorApp.swift; sourceTree = "<group>"; };
		42BAAE9B2B05F6FB005680FD /* Assets.xcassets */ = {isa = PBXFileReference; lastKnownFileType = folder.assetcatalog; path = Assets.xcassets; sourceTree = "<group>"; };
		42BAAE9E2B05F6FB005680FD /* Preview Assets.xcassets */ = {isa = PBXFileReference; lastKnownFileType = folder.assetcatalog; path = "Preview Assets.xcassets"; sourceTree = "<group>"; };
		42BAAEAB2B05F840005680FD /* ContentView.swift */ = {isa = PBXFileReference; lastKnownFileType = sourcecode.swift; path = ContentView.swift; sourceTree = "<group>"; };
		42BAAEB92B06499D005680FD /* MainTabView.swift */ = {isa = PBXFileReference; lastKnownFileType = sourcecode.swift; path = MainTabView.swift; sourceTree = "<group>"; };
		42BAAEBB2B064A27005680FD /* HomeView.swift */ = {isa = PBXFileReference; lastKnownFileType = sourcecode.swift; path = HomeView.swift; sourceTree = "<group>"; };
		42BAAEBD2B064A40005680FD /* SearchView.swift */ = {isa = PBXFileReference; lastKnownFileType = sourcecode.swift; path = SearchView.swift; sourceTree = "<group>"; };
		42BAAEBF2B064A65005680FD /* NotificationsView.swift */ = {isa = PBXFileReference; lastKnownFileType = sourcecode.swift; path = NotificationsView.swift; sourceTree = "<group>"; };
		42BAAEC12B064A80005680FD /* ProfileView.swift */ = {isa = PBXFileReference; lastKnownFileType = sourcecode.swift; path = ProfileView.swift; sourceTree = "<group>"; };
		42BAAEC32B064AB8005680FD /* UploadPostView.swift */ = {isa = PBXFileReference; lastKnownFileType = sourcecode.swift; path = UploadPostView.swift; sourceTree = "<group>"; };
		42BAAEC52B0666C9005680FD /* HomeCell.swift */ = {isa = PBXFileReference; lastKnownFileType = sourcecode.swift; path = HomeCell.swift; sourceTree = "<group>"; };
		42BAAEC72B07B7E2005680FD /* SearchBar.swift */ = {isa = PBXFileReference; lastKnownFileType = sourcecode.swift; path = SearchBar.swift; sourceTree = "<group>"; };
		42BAAEC92B07E597005680FD /* PostGridView.swift */ = {isa = PBXFileReference; lastKnownFileType = sourcecode.swift; path = PostGridView.swift; sourceTree = "<group>"; };
		42BAAECB2B07EB37005680FD /* UserCell.swift */ = {isa = PBXFileReference; lastKnownFileType = sourcecode.swift; path = UserCell.swift; sourceTree = "<group>"; };
		42BAAECD2B07EB45005680FD /* UserListView.swift */ = {isa = PBXFileReference; lastKnownFileType = sourcecode.swift; path = UserListView.swift; sourceTree = "<group>"; };
		42BAAECF2B080020005680FD /* Extensions.swift */ = {isa = PBXFileReference; lastKnownFileType = sourcecode.swift; path = Extensions.swift; sourceTree = "<group>"; };
		42BAAED12B080BF4005680FD /* NotificationCell.swift */ = {isa = PBXFileReference; lastKnownFileType = sourcecode.swift; path = NotificationCell.swift; sourceTree = "<group>"; };
		42BAAED32B09E477005680FD /* ProfileHeaderView.swift */ = {isa = PBXFileReference; lastKnownFileType = sourcecode.swift; path = ProfileHeaderView.swift; sourceTree = "<group>"; };
		42BAAED52B09EC16005680FD /* UserStatView.swift */ = {isa = PBXFileReference; lastKnownFileType = sourcecode.swift; path = UserStatView.swift; sourceTree = "<group>"; };
		42BAAED72B0A2C08005680FD /* ProfileActionButtonView.swift */ = {isa = PBXFileReference; lastKnownFileType = sourcecode.swift; path = ProfileActionButtonView.swift; sourceTree = "<group>"; };
		42BAAED92B0A3FD5005680FD /* ImagePicker.swift */ = {isa = PBXFileReference; lastKnownFileType = sourcecode.swift; path = ImagePicker.swift; sourceTree = "<group>"; };
		42BAAEDB2B0AD747005680FD /* LoginView.swift */ = {isa = PBXFileReference; lastKnownFileType = sourcecode.swift; path = LoginView.swift; sourceTree = "<group>"; };
		42BAAEDD2B0AD764005680FD /* RegistrationView.swift */ = {isa = PBXFileReference; lastKnownFileType = sourcecode.swift; path = RegistrationView.swift; sourceTree = "<group>"; };
		42BAAEDF2B0AD774005680FD /* ResetPasswordView.swift */ = {isa = PBXFileReference; lastKnownFileType = sourcecode.swift; path = ResetPasswordView.swift; sourceTree = "<group>"; };
		42BAAEE12B0ADB50005680FD /* CustomTextField.swift */ = {isa = PBXFileReference; lastKnownFileType = sourcecode.swift; path = CustomTextField.swift; sourceTree = "<group>"; };
		42BAAEE32B0ADB6A005680FD /* CustomSecureField.swift */ = {isa = PBXFileReference; lastKnownFileType = sourcecode.swift; path = CustomSecureField.swift; sourceTree = "<group>"; };
		42BAAF092B0D13AA005680FD /* GoogleService-Info.plist */ = {isa = PBXFileReference; fileEncoding = 4; lastKnownFileType = text.plist.xml; path = "GoogleService-Info.plist"; sourceTree = "<group>"; };
		42BAAF0B2B0D1CEF005680FD /* AuthViewModel.swift */ = {isa = PBXFileReference; lastKnownFileType = sourcecode.swift; path = AuthViewModel.swift; sourceTree = "<group>"; };
		42BAAF0D2B0E0860005680FD /* ImageUploader.swift */ = {isa = PBXFileReference; lastKnownFileType = sourcecode.swift; path = ImageUploader.swift; sourceTree = "<group>"; };
		42BAAF0F2B0E0E3C005680FD /* NewUserModel.swift */ = {isa = PBXFileReference; lastKnownFileType = sourcecode.swift; path = NewUserModel.swift; sourceTree = "<group>"; };
/* End PBXFileReference section */

/* Begin PBXFrameworksBuildPhase section */
		42BAAE912B05F6F9005680FD /* Frameworks */ = {
			isa = PBXFrameworksBuildPhase;
			buildActionMask = 2147483647;
			files = (
				42BAAF032B0D0F66005680FD /* FirebaseMessaging in Frameworks */,
				42BAAEF72B0D0F66005680FD /* FirebaseDatabaseSwift in Frameworks */,
				42BAAF052B0D0F66005680FD /* FirebaseStorage in Frameworks */,
				42BAAEF52B0D0F66005680FD /* FirebaseAuth in Frameworks */,
				42BAAF082B0D111E005680FD /* Kingfisher in Frameworks */,
				42BAAEFD2B0D0F66005680FD /* FirebaseInAppMessagingSwift-Beta in Frameworks */,
				42BAAEFF2B0D0F66005680FD /* FirebaseInstallations in Frameworks */,
				42BAAEF92B0D0F66005680FD /* FirebaseFirestore in Frameworks */,
				42BAAEFB2B0D0F66005680FD /* FirebaseFunctions in Frameworks */,
				42BAAF012B0D0F66005680FD /* FirebaseMLModelDownloader in Frameworks */,
			);
			runOnlyForDeploymentPostprocessing = 0;
		};
/* End PBXFrameworksBuildPhase section */

/* Begin PBXGroup section */
		42BAAE8B2B05F6F9005680FD = {
			isa = PBXGroup;
			children = (
				42BAAE962B05F6F9005680FD /* Communicator */,
				42BAAE952B05F6F9005680FD /* Products */,
			);
			sourceTree = "<group>";
		};
		42BAAE952B05F6F9005680FD /* Products */ = {
			isa = PBXGroup;
			children = (
				42BAAE942B05F6F9005680FD /* Communicator.app */,
			);
			name = Products;
			sourceTree = "<group>";
		};
		42BAAE962B05F6F9005680FD /* Communicator */ = {
			isa = PBXGroup;
			children = (
				42BAAE972B05F6F9005680FD /* CommunicatorApp.swift */,
				42BAAE9B2B05F6FB005680FD /* Assets.xcassets */,
				42BAAF092B0D13AA005680FD /* GoogleService-Info.plist */,
				42BAAEAA2B05F81D005680FD /* Main */,
				42BAAEA52B05F777005680FD /* Model */,
				42BAAEA62B05F783005680FD /* View */,
				42BAAEA72B05F78A005680FD /* ViewModel */,
				42BAAEA82B05F7B4005680FD /* API */,
				42BAAEA92B05F7BF005680FD /* Utils */,
				42BAAE9D2B05F6FB005680FD /* Preview Content */,
			);
			path = Communicator;
			sourceTree = "<group>";
		};
		42BAAE9D2B05F6FB005680FD /* Preview Content */ = {
			isa = PBXGroup;
			children = (
				42BAAE9E2B05F6FB005680FD /* Preview Assets.xcassets */,
			);
			path = "Preview Content";
			sourceTree = "<group>";
		};
		42BAAEA52B05F777005680FD /* Model */ = {
			isa = PBXGroup;
			children = (
				42BAAF0F2B0E0E3C005680FD /* NewUserModel.swift */,
			);
			path = Model;
			sourceTree = "<group>";
		};
		42BAAEA62B05F783005680FD /* View */ = {
			isa = PBXGroup;
			children = (
				42BAAEB42B05F8FC005680FD /* CommonViews */,
				42BAAEB32B05F8DB005680FD /* Authentication */,
				42BAAEB22B05F8C5005680FD /* Notifications */,
				42BAAEB12B05F8B5005680FD /* Search */,
				42BAAEB02B05F89C005680FD /* Comments */,
				42BAAEAF2B05F88C005680FD /* Home */,
				42BAAEAE2B05F87B005680FD /* Profile */,
				42BAAEAD2B05F86A005680FD /* UploadPost */,
			);
			path = View;
			sourceTree = "<group>";
		};
		42BAAEA72B05F78A005680FD /* ViewModel */ = {
			isa = PBXGroup;
			children = (
				42BAAEB82B05F9BF005680FD /* Profile */,
				42BAAEB72B05F9A1005680FD /* Authentication */,
				42BAAEB62B05F990005680FD /* Notifications */,
				42BAAEB52B05F987005680FD /* Feed */,
			);
			path = ViewModel;
			sourceTree = "<group>";
		};
		42BAAEA82B05F7B4005680FD /* API */ = {
			isa = PBXGroup;
			children = (
				42BAAF0D2B0E0860005680FD /* ImageUploader.swift */,
			);
			path = API;
			sourceTree = "<group>";
		};
		42BAAEA92B05F7BF005680FD /* Utils */ = {
			isa = PBXGroup;
			children = (
				42BAAECF2B080020005680FD /* Extensions.swift */,
				42BAAED92B0A3FD5005680FD /* ImagePicker.swift */,
				42BAAEE12B0ADB50005680FD /* CustomTextField.swift */,
				42BAAEE32B0ADB6A005680FD /* CustomSecureField.swift */,
			);
			path = Utils;
			sourceTree = "<group>";
		};
		42BAAEAA2B05F81D005680FD /* Main */ = {
			isa = PBXGroup;
			children = (
				42BAAEAB2B05F840005680FD /* ContentView.swift */,
				42BAAEB92B06499D005680FD /* MainTabView.swift */,
			);
			path = Main;
			sourceTree = "<group>";
		};
		42BAAEAD2B05F86A005680FD /* UploadPost */ = {
			isa = PBXGroup;
			children = (
				42BAAEC32B064AB8005680FD /* UploadPostView.swift */,
			);
			path = UploadPost;
			sourceTree = "<group>";
		};
		42BAAEAE2B05F87B005680FD /* Profile */ = {
			isa = PBXGroup;
			children = (
				42BAAEC12B064A80005680FD /* ProfileView.swift */,
				42BAAED32B09E477005680FD /* ProfileHeaderView.swift */,
				42BAAED52B09EC16005680FD /* UserStatView.swift */,
				42BAAED72B0A2C08005680FD /* ProfileActionButtonView.swift */,
			);
			path = Profile;
			sourceTree = "<group>";
		};
		42BAAEAF2B05F88C005680FD /* Home */ = {
			isa = PBXGroup;
			children = (
				42BAAEBB2B064A27005680FD /* HomeView.swift */,
				42BAAEC52B0666C9005680FD /* HomeCell.swift */,
			);
			path = Home;
			sourceTree = "<group>";
		};
		42BAAEB02B05F89C005680FD /* Comments */ = {
			isa = PBXGroup;
			children = (
			);
			path = Comments;
			sourceTree = "<group>";
		};
		42BAAEB12B05F8B5005680FD /* Search */ = {
			isa = PBXGroup;
			children = (
				42BAAEBD2B064A40005680FD /* SearchView.swift */,
				42BAAEC72B07B7E2005680FD /* SearchBar.swift */,
			);
			path = Search;
			sourceTree = "<group>";
		};
		42BAAEB22B05F8C5005680FD /* Notifications */ = {
			isa = PBXGroup;
			children = (
				42BAAEBF2B064A65005680FD /* NotificationsView.swift */,
				42BAAED12B080BF4005680FD /* NotificationCell.swift */,
			);
			path = Notifications;
			sourceTree = "<group>";
		};
		42BAAEB32B05F8DB005680FD /* Authentication */ = {
			isa = PBXGroup;
			children = (
				42BAAEDB2B0AD747005680FD /* LoginView.swift */,
				42BAAEDD2B0AD764005680FD /* RegistrationView.swift */,
				42BAAEDF2B0AD774005680FD /* ResetPasswordView.swift */,
			);
			path = Authentication;
			sourceTree = "<group>";
		};
		42BAAEB42B05F8FC005680FD /* CommonViews */ = {
			isa = PBXGroup;
			children = (
				42BAAEC92B07E597005680FD /* PostGridView.swift */,
				42BAAECB2B07EB37005680FD /* UserCell.swift */,
				42BAAECD2B07EB45005680FD /* UserListView.swift */,
			);
			path = CommonViews;
			sourceTree = "<group>";
		};
		42BAAEB52B05F987005680FD /* Feed */ = {
			isa = PBXGroup;
			children = (
			);
			path = Feed;
			sourceTree = "<group>";
		};
		42BAAEB62B05F990005680FD /* Notifications */ = {
			isa = PBXGroup;
			children = (
			);
			path = Notifications;
			sourceTree = "<group>";
		};
		42BAAEB72B05F9A1005680FD /* Authentication */ = {
			isa = PBXGroup;
			children = (
				42BAAF0B2B0D1CEF005680FD /* AuthViewModel.swift */,
			);
			path = Authentication;
			sourceTree = "<group>";
		};
		42BAAEB82B05F9BF005680FD /* Profile */ = {
			isa = PBXGroup;
			children = (
			);
			path = Profile;
			sourceTree = "<group>";
		};
/* End PBXGroup section */

/* Begin PBXNativeTarget section */
		42BAAE932B05F6F9005680FD /* Communicator */ = {
			isa = PBXNativeTarget;
			buildConfigurationList = 42BAAEA22B05F6FB005680FD /* Build configuration list for PBXNativeTarget "Communicator" */;
			buildPhases = (
				42BAAE902B05F6F9005680FD /* Sources */,
				42BAAE912B05F6F9005680FD /* Frameworks */,
				42BAAE922B05F6F9005680FD /* Resources */,
			);
			buildRules = (
			);
			dependencies = (
			);
			name = Communicator;
			packageProductDependencies = (
				42BAAEF42B0D0F66005680FD /* FirebaseAuth */,
				42BAAEF62B0D0F66005680FD /* FirebaseDatabaseSwift */,
				42BAAEF82B0D0F66005680FD /* FirebaseFirestore */,
				42BAAEFA2B0D0F66005680FD /* FirebaseFunctions */,
				42BAAEFC2B0D0F66005680FD /* FirebaseInAppMessagingSwift-Beta */,
				42BAAEFE2B0D0F66005680FD /* FirebaseInstallations */,
				42BAAF002B0D0F66005680FD /* FirebaseMLModelDownloader */,
				42BAAF022B0D0F66005680FD /* FirebaseMessaging */,
				42BAAF042B0D0F66005680FD /* FirebaseStorage */,
				42BAAF072B0D111E005680FD /* Kingfisher */,
			);
			productName = Communicator;
			productReference = 42BAAE942B05F6F9005680FD /* Communicator.app */;
			productType = "com.apple.product-type.application";
		};
/* End PBXNativeTarget section */

/* Begin PBXProject section */
		42BAAE8C2B05F6F9005680FD /* Project object */ = {
			isa = PBXProject;
			attributes = {
				BuildIndependentTargetsInParallel = 1;
				LastSwiftUpdateCheck = 1500;
				LastUpgradeCheck = 1500;
				TargetAttributes = {
					42BAAE932B05F6F9005680FD = {
						CreatedOnToolsVersion = 15.0.1;
					};
				};
			};
			buildConfigurationList = 42BAAE8F2B05F6F9005680FD /* Build configuration list for PBXProject "Communicator" */;
			compatibilityVersion = "Xcode 14.0";
			developmentRegion = en;
			hasScannedForEncodings = 0;
			knownRegions = (
				en,
				Base,
			);
			mainGroup = 42BAAE8B2B05F6F9005680FD;
			packageReferences = (
				42BAAEF32B0D0F66005680FD /* XCRemoteSwiftPackageReference "firebase-ios-sdk" */,
				42BAAF062B0D111E005680FD /* XCRemoteSwiftPackageReference "Kingfisher" */,
			);
			productRefGroup = 42BAAE952B05F6F9005680FD /* Products */;
			projectDirPath = "";
			projectRoot = "";
			targets = (
				42BAAE932B05F6F9005680FD /* Communicator */,
			);
		};
/* End PBXProject section */

/* Begin PBXResourcesBuildPhase section */
		42BAAE922B05F6F9005680FD /* Resources */ = {
			isa = PBXResourcesBuildPhase;
			buildActionMask = 2147483647;
			files = (
				42BAAE9F2B05F6FB005680FD /* Preview Assets.xcassets in Resources */,
				42BAAE9C2B05F6FB005680FD /* Assets.xcassets in Resources */,
				42BAAF0A2B0D13AA005680FD /* GoogleService-Info.plist in Resources */,
			);
			runOnlyForDeploymentPostprocessing = 0;
		};
/* End PBXResourcesBuildPhase section */

/* Begin PBXSourcesBuildPhase section */
		42BAAE902B05F6F9005680FD /* Sources */ = {
			isa = PBXSourcesBuildPhase;
			buildActionMask = 2147483647;
			files = (
				42BAAEBE2B064A40005680FD /* SearchView.swift in Sources */,
				42BAAEBC2B064A27005680FD /* HomeView.swift in Sources */,
				42BAAE982B05F6F9005680FD /* CommunicatorApp.swift in Sources */,
				42BAAEDE2B0AD764005680FD /* RegistrationView.swift in Sources */,
				42BAAEE22B0ADB50005680FD /* CustomTextField.swift in Sources */,
				42BAAF0E2B0E0860005680FD /* ImageUploader.swift in Sources */,
				42BAAEAC2B05F840005680FD /* ContentView.swift in Sources */,
				42BAAEBA2B06499D005680FD /* MainTabView.swift in Sources */,
				42BAAEC42B064AB8005680FD /* UploadPostView.swift in Sources */,
				42BAAF102B0E0E3C005680FD /* NewUserModel.swift in Sources */,
				42BAAEE02B0AD774005680FD /* ResetPasswordView.swift in Sources */,
				42BAAEC22B064A80005680FD /* ProfileView.swift in Sources */,
				42BAAEDA2B0A3FD5005680FD /* ImagePicker.swift in Sources */,
				42BAAED42B09E477005680FD /* ProfileHeaderView.swift in Sources */,
				42BAAECA2B07E597005680FD /* PostGridView.swift in Sources */,
				42BAAED62B09EC16005680FD /* UserStatView.swift in Sources */,
				42BAAECC2B07EB37005680FD /* UserCell.swift in Sources */,
				42BAAEC82B07B7E2005680FD /* SearchBar.swift in Sources */,
				42BAAEE42B0ADB6A005680FD /* CustomSecureField.swift in Sources */,
				42BAAEC02B064A65005680FD /* NotificationsView.swift in Sources */,
				42BAAEC62B0666C9005680FD /* HomeCell.swift in Sources */,
				42BAAED82B0A2C08005680FD /* ProfileActionButtonView.swift in Sources */,
				42BAAF0C2B0D1CEF005680FD /* AuthViewModel.swift in Sources */,
				42BAAECE2B07EB45005680FD /* UserListView.swift in Sources */,
				42BAAED22B080BF4005680FD /* NotificationCell.swift in Sources */,
				42BAAEDC2B0AD747005680FD /* LoginView.swift in Sources */,
				42BAAED02B080020005680FD /* Extensions.swift in Sources */,
			);
			runOnlyForDeploymentPostprocessing = 0;
		};
/* End PBXSourcesBuildPhase section */

/* Begin XCBuildConfiguration section */
		42BAAEA02B05F6FB005680FD /* Debug */ = {
			isa = XCBuildConfiguration;
			buildSettings = {
				ALWAYS_SEARCH_USER_PATHS = NO;
				ASSETCATALOG_COMPILER_GENERATE_SWIFT_ASSET_SYMBOL_EXTENSIONS = YES;
				CLANG_ANALYZER_NONNULL = YES;
				CLANG_ANALYZER_NUMBER_OBJECT_CONVERSION = YES_AGGRESSIVE;
				CLANG_CXX_LANGUAGE_STANDARD = "gnu++20";
				CLANG_ENABLE_MODULES = YES;
				CLANG_ENABLE_OBJC_ARC = YES;
				CLANG_ENABLE_OBJC_WEAK = YES;
				CLANG_WARN_BLOCK_CAPTURE_AUTORELEASING = YES;
				CLANG_WARN_BOOL_CONVERSION = YES;
				CLANG_WARN_COMMA = YES;
				CLANG_WARN_CONSTANT_CONVERSION = YES;
				CLANG_WARN_DEPRECATED_OBJC_IMPLEMENTATIONS = YES;
				CLANG_WARN_DIRECT_OBJC_ISA_USAGE = YES_ERROR;
				CLANG_WARN_DOCUMENTATION_COMMENTS = YES;
				CLANG_WARN_EMPTY_BODY = YES;
				CLANG_WARN_ENUM_CONVERSION = YES;
				CLANG_WARN_INFINITE_RECURSION = YES;
				CLANG_WARN_INT_CONVERSION = YES;
				CLANG_WARN_NON_LITERAL_NULL_CONVERSION = YES;
				CLANG_WARN_OBJC_IMPLICIT_RETAIN_SELF = YES;
				CLANG_WARN_OBJC_LITERAL_CONVERSION = YES;
				CLANG_WARN_OBJC_ROOT_CLASS = YES_ERROR;
				CLANG_WARN_QUOTED_INCLUDE_IN_FRAMEWORK_HEADER = YES;
				CLANG_WARN_RANGE_LOOP_ANALYSIS = YES;
				CLANG_WARN_STRICT_PROTOTYPES = YES;
				CLANG_WARN_SUSPICIOUS_MOVE = YES;
				CLANG_WARN_UNGUARDED_AVAILABILITY = YES_AGGRESSIVE;
				CLANG_WARN_UNREACHABLE_CODE = YES;
				CLANG_WARN__DUPLICATE_METHOD_MATCH = YES;
				COPY_PHASE_STRIP = NO;
				DEBUG_INFORMATION_FORMAT = dwarf;
				ENABLE_STRICT_OBJC_MSGSEND = YES;
				ENABLE_TESTABILITY = YES;
				ENABLE_USER_SCRIPT_SANDBOXING = YES;
				GCC_C_LANGUAGE_STANDARD = gnu17;
				GCC_DYNAMIC_NO_PIC = NO;
				GCC_NO_COMMON_BLOCKS = YES;
				GCC_OPTIMIZATION_LEVEL = 0;
				GCC_PREPROCESSOR_DEFINITIONS = (
					"DEBUG=1",
					"$(inherited)",
				);
				GCC_WARN_64_TO_32_BIT_CONVERSION = YES;
				GCC_WARN_ABOUT_RETURN_TYPE = YES_ERROR;
				GCC_WARN_UNDECLARED_SELECTOR = YES;
				GCC_WARN_UNINITIALIZED_AUTOS = YES_AGGRESSIVE;
				GCC_WARN_UNUSED_FUNCTION = YES;
				GCC_WARN_UNUSED_VARIABLE = YES;
				IPHONEOS_DEPLOYMENT_TARGET = 17.0;
				LOCALIZATION_PREFERS_STRING_CATALOGS = YES;
				MTL_ENABLE_DEBUG_INFO = INCLUDE_SOURCE;
				MTL_FAST_MATH = YES;
				ONLY_ACTIVE_ARCH = YES;
				OTHER_LDFLAGS = (
					"-Xlinker",
					"-no_warn_duplicate_libraries",
				);
				SDKROOT = iphoneos;
				SWIFT_ACTIVE_COMPILATION_CONDITIONS = "DEBUG $(inherited)";
				SWIFT_OPTIMIZATION_LEVEL = "-Onone";
			};
			name = Debug;
		};
		42BAAEA12B05F6FB005680FD /* Release */ = {
			isa = XCBuildConfiguration;
			buildSettings = {
				ALWAYS_SEARCH_USER_PATHS = NO;
				ASSETCATALOG_COMPILER_GENERATE_SWIFT_ASSET_SYMBOL_EXTENSIONS = YES;
				CLANG_ANALYZER_NONNULL = YES;
				CLANG_ANALYZER_NUMBER_OBJECT_CONVERSION = YES_AGGRESSIVE;
				CLANG_CXX_LANGUAGE_STANDARD = "gnu++20";
				CLANG_ENABLE_MODULES = YES;
				CLANG_ENABLE_OBJC_ARC = YES;
				CLANG_ENABLE_OBJC_WEAK = YES;
				CLANG_WARN_BLOCK_CAPTURE_AUTORELEASING = YES;
				CLANG_WARN_BOOL_CONVERSION = YES;
				CLANG_WARN_COMMA = YES;
				CLANG_WARN_CONSTANT_CONVERSION = YES;
				CLANG_WARN_DEPRECATED_OBJC_IMPLEMENTATIONS = YES;
				CLANG_WARN_DIRECT_OBJC_ISA_USAGE = YES_ERROR;
				CLANG_WARN_DOCUMENTATION_COMMENTS = YES;
				CLANG_WARN_EMPTY_BODY = YES;
				CLANG_WARN_ENUM_CONVERSION = YES;
				CLANG_WARN_INFINITE_RECURSION = YES;
				CLANG_WARN_INT_CONVERSION = YES;
				CLANG_WARN_NON_LITERAL_NULL_CONVERSION = YES;
				CLANG_WARN_OBJC_IMPLICIT_RETAIN_SELF = YES;
				CLANG_WARN_OBJC_LITERAL_CONVERSION = YES;
				CLANG_WARN_OBJC_ROOT_CLASS = YES_ERROR;
				CLANG_WARN_QUOTED_INCLUDE_IN_FRAMEWORK_HEADER = YES;
				CLANG_WARN_RANGE_LOOP_ANALYSIS = YES;
				CLANG_WARN_STRICT_PROTOTYPES = YES;
				CLANG_WARN_SUSPICIOUS_MOVE = YES;
				CLANG_WARN_UNGUARDED_AVAILABILITY = YES_AGGRESSIVE;
				CLANG_WARN_UNREACHABLE_CODE = YES;
				CLANG_WARN__DUPLICATE_METHOD_MATCH = YES;
				COPY_PHASE_STRIP = NO;
				DEBUG_INFORMATION_FORMAT = "dwarf-with-dsym";
				ENABLE_NS_ASSERTIONS = NO;
				ENABLE_STRICT_OBJC_MSGSEND = YES;
				ENABLE_USER_SCRIPT_SANDBOXING = YES;
				GCC_C_LANGUAGE_STANDARD = gnu17;
				GCC_NO_COMMON_BLOCKS = YES;
				GCC_WARN_64_TO_32_BIT_CONVERSION = YES;
				GCC_WARN_ABOUT_RETURN_TYPE = YES_ERROR;
				GCC_WARN_UNDECLARED_SELECTOR = YES;
				GCC_WARN_UNINITIALIZED_AUTOS = YES_AGGRESSIVE;
				GCC_WARN_UNUSED_FUNCTION = YES;
				GCC_WARN_UNUSED_VARIABLE = YES;
				IPHONEOS_DEPLOYMENT_TARGET = 17.0;
				LOCALIZATION_PREFERS_STRING_CATALOGS = YES;
				MTL_ENABLE_DEBUG_INFO = NO;
				MTL_FAST_MATH = YES;
				SDKROOT = iphoneos;
				SWIFT_COMPILATION_MODE = wholemodule;
				VALIDATE_PRODUCT = YES;
			};
			name = Release;
		};
		42BAAEA32B05F6FB005680FD /* Debug */ = {
			isa = XCBuildConfiguration;
			buildSettings = {
				ASSETCATALOG_COMPILER_APPICON_NAME = AppIcon;
				ASSETCATALOG_COMPILER_GLOBAL_ACCENT_COLOR_NAME = AccentColor;
				CODE_SIGN_STYLE = Automatic;
				CURRENT_PROJECT_VERSION = 1;
				DEVELOPMENT_ASSET_PATHS = "\"Communicator/Preview Content\"";
				DEVELOPMENT_TEAM = 6YJ62Z4KFL;
				ENABLE_PREVIEWS = YES;
				GENERATE_INFOPLIST_FILE = YES;
				INFOPLIST_KEY_UIApplicationSceneManifest_Generation = YES;
				INFOPLIST_KEY_UIApplicationSupportsIndirectInputEvents = YES;
				INFOPLIST_KEY_UILaunchScreen_Generation = YES;
				INFOPLIST_KEY_UISupportedInterfaceOrientations_iPad = "UIInterfaceOrientationPortrait UIInterfaceOrientationPortraitUpsideDown UIInterfaceOrientationLandscapeLeft UIInterfaceOrientationLandscapeRight";
				INFOPLIST_KEY_UISupportedInterfaceOrientations_iPhone = "UIInterfaceOrientationPortrait UIInterfaceOrientationLandscapeLeft UIInterfaceOrientationLandscapeRight";
				LD_RUNPATH_SEARCH_PATHS = (
					"$(inherited)",
					"@executable_path/Frameworks",
				);
				MARKETING_VERSION = 1.0;
				PRODUCT_BUNDLE_IDENTIFIER = com.olhaBereziuk.Communicator;
				PRODUCT_NAME = "$(TARGET_NAME)";
				SWIFT_EMIT_LOC_STRINGS = YES;
				SWIFT_VERSION = 5.0;
				TARGETED_DEVICE_FAMILY = "1,2";
			};
			name = Debug;
		};
		42BAAEA42B05F6FB005680FD /* Release */ = {
			isa = XCBuildConfiguration;
			buildSettings = {
				ASSETCATALOG_COMPILER_APPICON_NAME = AppIcon;
				ASSETCATALOG_COMPILER_GLOBAL_ACCENT_COLOR_NAME = AccentColor;
				CODE_SIGN_STYLE = Automatic;
				CURRENT_PROJECT_VERSION = 1;
				DEVELOPMENT_ASSET_PATHS = "\"Communicator/Preview Content\"";
				DEVELOPMENT_TEAM = 6YJ62Z4KFL;
				ENABLE_PREVIEWS = YES;
				GENERATE_INFOPLIST_FILE = YES;
				INFOPLIST_KEY_UIApplicationSceneManifest_Generation = YES;
				INFOPLIST_KEY_UIApplicationSupportsIndirectInputEvents = YES;
				INFOPLIST_KEY_UILaunchScreen_Generation = YES;
				INFOPLIST_KEY_UISupportedInterfaceOrientations_iPad = "UIInterfaceOrientationPortrait UIInterfaceOrientationPortraitUpsideDown UIInterfaceOrientationLandscapeLeft UIInterfaceOrientationLandscapeRight";
				INFOPLIST_KEY_UISupportedInterfaceOrientations_iPhone = "UIInterfaceOrientationPortrait UIInterfaceOrientationLandscapeLeft UIInterfaceOrientationLandscapeRight";
				LD_RUNPATH_SEARCH_PATHS = (
					"$(inherited)",
					"@executable_path/Frameworks",
				);
				MARKETING_VERSION = 1.0;
				PRODUCT_BUNDLE_IDENTIFIER = com.olhaBereziuk.Communicator;
				PRODUCT_NAME = "$(TARGET_NAME)";
				SWIFT_EMIT_LOC_STRINGS = YES;
				SWIFT_VERSION = 5.0;
				TARGETED_DEVICE_FAMILY = "1,2";
			};
			name = Release;
		};
/* End XCBuildConfiguration section */

/* Begin XCConfigurationList section */
		42BAAE8F2B05F6F9005680FD /* Build configuration list for PBXProject "Communicator" */ = {
			isa = XCConfigurationList;
			buildConfigurations = (
				42BAAEA02B05F6FB005680FD /* Debug */,
				42BAAEA12B05F6FB005680FD /* Release */,
			);
			defaultConfigurationIsVisible = 0;
			defaultConfigurationName = Release;
		};
		42BAAEA22B05F6FB005680FD /* Build configuration list for PBXNativeTarget "Communicator" */ = {
			isa = XCConfigurationList;
			buildConfigurations = (
				42BAAEA32B05F6FB005680FD /* Debug */,
				42BAAEA42B05F6FB005680FD /* Release */,
			);
			defaultConfigurationIsVisible = 0;
			defaultConfigurationName = Release;
		};
/* End XCConfigurationList section */

/* Begin XCRemoteSwiftPackageReference section */
		42BAAEF32B0D0F66005680FD /* XCRemoteSwiftPackageReference "firebase-ios-sdk" */ = {
			isa = XCRemoteSwiftPackageReference;
			repositoryURL = "https://github.com/firebase/firebase-ios-sdk.git";
			requirement = {
				kind = upToNextMajorVersion;
				minimumVersion = 10.18.0;
			};
		};
		42BAAF062B0D111E005680FD /* XCRemoteSwiftPackageReference "Kingfisher" */ = {
			isa = XCRemoteSwiftPackageReference;
			repositoryURL = "https://github.com/onevcat/Kingfisher.git";
			requirement = {
				kind = upToNextMajorVersion;
				minimumVersion = 7.10.0;
			};
		};
/* End XCRemoteSwiftPackageReference section */

/* Begin XCSwiftPackageProductDependency section */
		42BAAEF42B0D0F66005680FD /* FirebaseAuth */ = {
			isa = XCSwiftPackageProductDependency;
			package = 42BAAEF32B0D0F66005680FD /* XCRemoteSwiftPackageReference "firebase-ios-sdk" */;
			productName = FirebaseAuth;
		};
		42BAAEF62B0D0F66005680FD /* FirebaseDatabaseSwift */ = {
			isa = XCSwiftPackageProductDependency;
			package = 42BAAEF32B0D0F66005680FD /* XCRemoteSwiftPackageReference "firebase-ios-sdk" */;
			productName = FirebaseDatabaseSwift;
		};
		42BAAEF82B0D0F66005680FD /* FirebaseFirestore */ = {
			isa = XCSwiftPackageProductDependency;
			package = 42BAAEF32B0D0F66005680FD /* XCRemoteSwiftPackageReference "firebase-ios-sdk" */;
			productName = FirebaseFirestore;
		};
		42BAAEFA2B0D0F66005680FD /* FirebaseFunctions */ = {
			isa = XCSwiftPackageProductDependency;
			package = 42BAAEF32B0D0F66005680FD /* XCRemoteSwiftPackageReference "firebase-ios-sdk" */;
			productName = FirebaseFunctions;
		};
		42BAAEFC2B0D0F66005680FD /* FirebaseInAppMessagingSwift-Beta */ = {
			isa = XCSwiftPackageProductDependency;
			package = 42BAAEF32B0D0F66005680FD /* XCRemoteSwiftPackageReference "firebase-ios-sdk" */;
			productName = "FirebaseInAppMessagingSwift-Beta";
		};
		42BAAEFE2B0D0F66005680FD /* FirebaseInstallations */ = {
			isa = XCSwiftPackageProductDependency;
			package = 42BAAEF32B0D0F66005680FD /* XCRemoteSwiftPackageReference "firebase-ios-sdk" */;
			productName = FirebaseInstallations;
		};
		42BAAF002B0D0F66005680FD /* FirebaseMLModelDownloader */ = {
			isa = XCSwiftPackageProductDependency;
			package = 42BAAEF32B0D0F66005680FD /* XCRemoteSwiftPackageReference "firebase-ios-sdk" */;
			productName = FirebaseMLModelDownloader;
		};
		42BAAF022B0D0F66005680FD /* FirebaseMessaging */ = {
			isa = XCSwiftPackageProductDependency;
			package = 42BAAEF32B0D0F66005680FD /* XCRemoteSwiftPackageReference "firebase-ios-sdk" */;
			productName = FirebaseMessaging;
		};
		42BAAF042B0D0F66005680FD /* FirebaseStorage */ = {
			isa = XCSwiftPackageProductDependency;
			package = 42BAAEF32B0D0F66005680FD /* XCRemoteSwiftPackageReference "firebase-ios-sdk" */;
			productName = FirebaseStorage;
		};
		42BAAF072B0D111E005680FD /* Kingfisher */ = {
			isa = XCSwiftPackageProductDependency;
			package = 42BAAF062B0D111E005680FD /* XCRemoteSwiftPackageReference "Kingfisher" */;
			productName = Kingfisher;
		};
/* End XCSwiftPackageProductDependency section */
	};
	rootObject = 42BAAE8C2B05F6F9005680FD /* Project object */;
}
